
Microsoft Visual Studio Solution File, Format Version 11.00
# Visual Studio 2010
Project("{FAE04EC0-301F-11D3-BF4B-00C04F79EFBC}") = "Chat", "Chat.csproj", "{F870707C-6965-4B8A-BBA2-0AE39E25F316}"
EndProject
Global
	GlobalSection(SolutionConfigurationPlatforms) = preSolution
		Debug|Any CPU = Debug|Any CPU
		Release|Any CPU = Release|Any CPU
	EndGlobalSection
	GlobalSection(ProjectConfigurationPlatforms) = postSolution
		{F870707C-6965-4B8A-BBA2-0AE39E25F316}.Debug|Any CPU.ActiveCfg = Debug|Any CPU
		{F870707C-6965-4B8A-BBA2-0AE39E25F316}.Debug|Any CPU.Build.0 = Debug|Any CPU
		{F870707C-6965-4B8A-BBA2-0AE39E25F316}.Release|Any CPU.ActiveCfg = Release|Any CPU
		{F870707C-6965-4B8A-BBA2-0AE39E25F316}.Release|Any CPU.Build.0 = Release|Any CPU
	EndGlobalSection
	GlobalSection(SolutionProperties) = preSolution
		HideSolutionNode = FALSE
	EndGlobalSection
EndGlobal
